
Microsoft Visual Studio Solution File, Format Version 12.00
# Visual Studio 16
Project("{FAE04EC0-301F-11D3-BF4B-00C04F79EFBC}") = "Assembly-CSharp", "Assembly-CSharp.csproj", "{A8CBD774-B536-F9BE-1166-5A889B927B52}"
EndProject
Project("{FAE04EC0-301F-11D3-BF4B-00C04F79EFBC}") = "Assembly-CSharp-firstpass", "Assembly-CSharp-firstpass.csproj", "{52E9CBFF-D07F-2E4A-8158-805A958AA22A}"
EndProject
Project("{FAE04EC0-301F-11D3-BF4B-00C04F79EFBC}") = "Assembly-CSharp-Editor-firstpass", "Assembly-CSharp-Editor-firstpass.csproj", "{34310EC4-CBCE-0CEB-1BC9-F0BA56116B56}"
EndProject
Project("{FAE04EC0-301F-11D3-BF4B-00C04F79EFBC}") = "Assembly-CSharp-Editor", "Assembly-CSharp-Editor.csproj", "{EDBF7BE7-F4E1-1CA5-A7DD-55E900148396}"
EndProject
Global
	GlobalSection(SolutionConfigurationPlatforms) = preSolution
		Debug|Any CPU = Debug|Any CPU
		Release|Any CPU = Release|Any CPU
	EndGlobalSection
	GlobalSection(ProjectConfigurationPlatforms) = postSolution
		{A8CBD774-B536-F9BE-1166-5A889B927B52}.Debug|Any CPU.ActiveCfg = Debug|Any CPU
		{A8CBD774-B536-F9BE-1166-5A889B927B52}.Debug|Any CPU.Build.0 = Debug|Any CPU
		{A8CBD774-B536-F9BE-1166-5A889B927B52}.Release|Any CPU.ActiveCfg = Release|Any CPU
		{A8CBD774-B536-F9BE-1166-5A889B927B52}.Release|Any CPU.Build.0 = Release|Any CPU
		{52E9CBFF-D07F-2E4A-8158-805A958AA22A}.Debug|Any CPU.ActiveCfg = Debug|Any CPU
		{52E9CBFF-D07F-2E4A-8158-805A958AA22A}.Debug|Any CPU.Build.0 = Debug|Any CPU
		{52E9CBFF-D07F-2E4A-8158-805A958AA22A}.Release|Any CPU.ActiveCfg = Release|Any CPU
		{52E9CBFF-D07F-2E4A-8158-805A958AA22A}.Release|Any CPU.Build.0 = Release|Any CPU
		{34310EC4-CBCE-0CEB-1BC9-F0BA56116B56}.Debug|Any CPU.ActiveCfg = Debug|Any CPU
		{34310EC4-CBCE-0CEB-1BC9-F0BA56116B56}.Debug|Any CPU.Build.0 = Debug|Any CPU
		{34310EC4-CBCE-0CEB-1BC9-F0BA56116B56}.Release|Any CPU.ActiveCfg = Release|Any CPU
		{34310EC4-CBCE-0CEB-1BC9-F0BA56116B56}.Release|Any CPU.Build.0 = Release|Any CPU
		{EDBF7BE7-F4E1-1CA5-A7DD-55E900148396}.Debug|Any CPU.ActiveCfg = Debug|Any CPU
		{EDBF7BE7-F4E1-1CA5-A7DD-55E900148396}.Debug|Any CPU.Build.0 = Debug|Any CPU
		{EDBF7BE7-F4E1-1CA5-A7DD-55E900148396}.Release|Any CPU.ActiveCfg = Release|Any CPU
		{EDBF7BE7-F4E1-1CA5-A7DD-55E900148396}.Release|Any CPU.Build.0 = Release|Any CPU
	EndGlobalSection
	GlobalSection(SolutionProperties) = preSolution
		HideSolutionNode = FALSE
	EndGlobalSection
EndGlobal
